
Microsoft Visual Studio Solution File, Format Version 12.00
# Visual Studio Version 17
VisualStudioVersion = 17.5.33424.131
MinimumVisualStudioVersion = 10.0.40219.1
Project("{8BC9CEB8-8B4A-11D0-8D11-00A0C91BC942}") = "D14UIKit", "D14UIKit.vcxproj", "{734B18AB-6017-43AD-BC8C-78FE0CC9B625}"
EndProject
Project("{8BC9CEB8-8B4A-11D0-8D11-00A0C91BC942}") = "TestCpp", "Test\TestCpp.vcxproj", "{963A04DF-CB9B-4C69-BE7E-3B779F7AD45C}"
EndProject
Project("{888888A0-9F3D-457C-B088-3A5042F75D52}") = "TestPyBind", "Test\PyBind\TestPyBind.pyproj", "{C2E17895-E0A5-490C-815A-800FE0801AA6}"
EndProject
Global
	GlobalSection(SolutionConfigurationPlatforms) = preSolution
		Debug|Win32 = Debug|Win32
		Debug|x64 = Debug|x64
		Debug|x86 = Debug|x86
		DPy310|Win32 = DPy310|Win32
		DPy310|x64 = DPy310|x64
		DPy310|x86 = DPy310|x86
		DPy311|Win32 = DPy311|Win32
		DPy311|x64 = DPy311|x64
		DPy311|x86 = DPy311|x86
		DPy312|Win32 = DPy312|Win32
		DPy312|x64 = DPy312|x64
		DPy312|x86 = DPy312|x86
		DPy313|Win32 = DPy313|Win32
		DPy313|x64 = DPy313|x64
		DPy313|x86 = DPy313|x86
		DPyBind|Win32 = DPyBind|Win32
		DPyBind|x64 = DPyBind|x64
		DPyBind|x86 = DPyBind|x86
		Rebug|Win32 = Rebug|Win32
		Rebug|x64 = Rebug|x64
		Rebug|x86 = Rebug|x86
		Release|Win32 = Release|Win32
		Release|x64 = Release|x64
		Release|x86 = Release|x86
		RPy310|Win32 = RPy310|Win32
		RPy310|x64 = RPy310|x64
		RPy310|x86 = RPy310|x86
		RPy311|Win32 = RPy311|Win32
		RPy311|x64 = RPy311|x64
		RPy311|x86 = RPy311|x86
		RPy312|Win32 = RPy312|Win32
		RPy312|x64 = RPy312|x64
		RPy312|x86 = RPy312|x86
		RPy313|Win32 = RPy313|Win32
		RPy313|x64 = RPy313|x64
		RPy313|x86 = RPy313|x86
		RPyBind|Win32 = RPyBind|Win32
		RPyBind|x64 = RPyBind|x64
		RPyBind|x86 = RPyBind|x86
	EndGlobalSection
	GlobalSection(ProjectConfigurationPlatforms) = postSolution
		{734B18AB-6017-43AD-BC8C-78FE0CC9B625}.Debug|Win32.ActiveCfg = Debug|Win32
		{734B18AB-6017-43AD-BC8C-78FE0CC9B625}.Debug|Win32.Build.0 = Debug|Win32
		{734B18AB-6017-43AD-BC8C-78FE0CC9B625}.Debug|x64.ActiveCfg = Debug|x64
		{734B18AB-6017-43AD-BC8C-78FE0CC9B625}.Debug|x64.Build.0 = Debug|x64
		{734B18AB-6017-43AD-BC8C-78FE0CC9B625}.Debug|x86.ActiveCfg = Debug|Win32
		{734B18AB-6017-43AD-BC8C-78FE0CC9B625}.Debug|x86.Build.0 = Debug|Win32
		{734B18AB-6017-43AD-BC8C-78FE0CC9B625}.DPy310|Win32.ActiveCfg = DPy310|Win32
		{734B18AB-6017-43AD-BC8C-78FE0CC9B625}.DPy310|Win32.Build.0 = DPy310|Win32
		{734B18AB-6017-43AD-BC8C-78FE0CC9B625}.DPy310|x64.ActiveCfg = DPy310|x64
		{734B18AB-6017-43AD-BC8C-78FE0CC9B625}.DPy310|x64.Build.0 = DPy310|x64
		{734B18AB-6017-43AD-BC8C-78FE0CC9B625}.DPy310|x86.ActiveCfg = DPy310|Win32
		{734B18AB-6017-43AD-BC8C-78FE0CC9B625}.DPy310|x86.Build.0 = DPy310|Win32
		{734B18AB-6017-43AD-BC8C-78FE0CC9B625}.DPy311|Win32.ActiveCfg = DPy311|Win32
		{734B18AB-6017-43AD-BC8C-78FE0CC9B625}.DPy311|Win32.Build.0 = DPy311|Win32
		{734B18AB-6017-43AD-BC8C-78FE0CC9B625}.DPy311|x64.ActiveCfg = DPy311|x64
		{734B18AB-6017-43AD-BC8C-78FE0CC9B625}.DPy311|x64.Build.0 = DPy311|x64
		{734B18AB-6017-43AD-BC8C-78FE0CC9B625}.DPy311|x86.ActiveCfg = DPy311|Win32
		{734B18AB-6017-43AD-BC8C-78FE0CC9B625}.DPy311|x86.Build.0 = DPy311|Win32
		{734B18AB-6017-43AD-BC8C-78FE0CC9B625}.DPy312|Win32.ActiveCfg = DPy312|Win32
		{734B18AB-6017-43AD-BC8C-78FE0CC9B625}.DPy312|Win32.Build.0 = DPy312|Win32
		{734B18AB-6017-43AD-BC8C-78FE0CC9B625}.DPy312|x64.ActiveCfg = DPy312|x64
		{734B18AB-6017-43AD-BC8C-78FE0CC9B625}.DPy312|x64.Build.0 = DPy312|x64
		{734B18AB-6017-43AD-BC8C-78FE0CC9B625}.DPy312|x86.ActiveCfg = DPy312|Win32
		{734B18AB-6017-43AD-BC8C-78FE0CC9B625}.DPy312|x86.Build.0 = DPy312|Win32
		{734B18AB-6017-43AD-BC8C-78FE0CC9B625}.DPy313|Win32.ActiveCfg = DPy313|Win32
		{734B18AB-6017-43AD-BC8C-78FE0CC9B625}.DPy313|Win32.Build.0 = DPy313|Win32
		{734B18AB-6017-43AD-BC8C-78FE0CC9B625}.DPy313|x64.ActiveCfg = DPy313|x64
		{734B18AB-6017-43AD-BC8C-78FE0CC9B625}.DPy313|x64.Build.0 = DPy313|x64
		{734B18AB-6017-43AD-BC8C-78FE0CC9B625}.DPy313|x86.ActiveCfg = DPy313|Win32
		{734B18AB-6017-43AD-BC8C-78FE0CC9B625}.DPy313|x86.Build.0 = DPy313|Win32
		{734B18AB-6017-43AD-BC8C-78FE0CC9B625}.DPyBind|Win32.ActiveCfg = DPyBind|Win32
		{734B18AB-6017-43AD-BC8C-78FE0CC9B625}.DPyBind|Win32.Build.0 = DPyBind|Win32
		{734B18AB-6017-43AD-BC8C-78FE0CC9B625}.DPyBind|x64.ActiveCfg = DPyBind|x64
		{734B18AB-6017-43AD-BC8C-78FE0CC9B625}.DPyBind|x64.Build.0 = DPyBind|x64
		{734B18AB-6017-43AD-BC8C-78FE0CC9B625}.DPyBind|x86.ActiveCfg = DPyBind|Win32
		{734B18AB-6017-43AD-BC8C-78FE0CC9B625}.DPyBind|x86.Build.0 = DPyBind|Win32
		{734B18AB-6017-43AD-BC8C-78FE0CC9B625}.Rebug|Win32.ActiveCfg = Rebug|Win32
		{734B18AB-6017-43AD-BC8C-78FE0CC9B625}.Rebug|Win32.Build.0 = Rebug|Win32
		{734B18AB-6017-43AD-BC8C-78FE0CC9B625}.Rebug|x64.ActiveCfg = Rebug|x64
		{734B18AB-6017-43AD-BC8C-78FE0CC9B625}.Rebug|x64.Build.0 = Rebug|x64
		{734B18AB-6017-43AD-BC8C-78FE0CC9B625}.Rebug|x86.ActiveCfg = Rebug|Win32
		{734B18AB-6017-43AD-BC8C-78FE0CC9B625}.Rebug|x86.Build.0 = Rebug|Win32
		{734B18AB-6017-43AD-BC8C-78FE0CC9B625}.Release|Win32.ActiveCfg = Release|Win32
		{734B18AB-6017-43AD-BC8C-78FE0CC9B625}.Release|Win32.Build.0 = Release|Win32
		{734B18AB-6017-43AD-BC8C-78FE0CC9B625}.Release|x64.ActiveCfg = Release|x64
		{734B18AB-6017-43AD-BC8C-78FE0CC9B625}.Release|x64.Build.0 = Release|x64
		{734B18AB-6017-43AD-BC8C-78FE0CC9B625}.Release|x86.ActiveCfg = Release|Win32
		{734B18AB-6017-43AD-BC8C-78FE0CC9B625}.Release|x86.Build.0 = Release|Win32
		{734B18AB-6017-43AD-BC8C-78FE0CC9B625}.RPy310|Win32.ActiveCfg = RPy310|Win32
		{734B18AB-6017-43AD-BC8C-78FE0CC9B625}.RPy310|Win32.Build.0 = RPy310|Win32
		{734B18AB-6017-43AD-BC8C-78FE0CC9B625}.RPy310|x64.ActiveCfg = RPy310|x64
		{734B18AB-6017-43AD-BC8C-78FE0CC9B625}.RPy310|x64.Build.0 = RPy310|x64
		{734B18AB-6017-43AD-BC8C-78FE0CC9B625}.RPy310|x86.ActiveCfg = RPy310|Win32
		{734B18AB-6017-43AD-BC8C-78FE0CC9B625}.RPy310|x86.Build.0 = RPy310|Win32
		{734B18AB-6017-43AD-BC8C-78FE0CC9B625}.RPy311|Win32.ActiveCfg = RPy311|Win32
		{734B18AB-6017-43AD-BC8C-78FE0CC9B625}.RPy311|Win32.Build.0 = RPy311|Win32
		{734B18AB-6017-43AD-BC8C-78FE0CC9B625}.RPy311|x64.ActiveCfg = RPy311|x64
		{734B18AB-6017-43AD-BC8C-78FE0CC9B625}.RPy311|x64.Build.0 = RPy311|x64
		{734B18AB-6017-43AD-BC8C-78FE0CC9B625}.RPy311|x86.ActiveCfg = RPy311|Win32
		{734B18AB-6017-43AD-BC8C-78FE0CC9B625}.RPy311|x86.Build.0 = RPy311|Win32
		{734B18AB-6017-43AD-BC8C-78FE0CC9B625}.RPy312|Win32.ActiveCfg = RPy312|Win32
		{734B18AB-6017-43AD-BC8C-78FE0CC9B625}.RPy312|Win32.Build.0 = RPy312|Win32
		{734B18AB-6017-43AD-BC8C-78FE0CC9B625}.RPy312|x64.ActiveCfg = RPy312|x64
		{734B18AB-6017-43AD-BC8C-78FE0CC9B625}.RPy312|x64.Build.0 = RPy312|x64
		{734B18AB-6017-43AD-BC8C-78FE0CC9B625}.RPy312|x86.ActiveCfg = RPy312|Win32
		{734B18AB-6017-43AD-BC8C-78FE0CC9B625}.RPy312|x86.Build.0 = RPy312|Win32
		{734B18AB-6017-43AD-BC8C-78FE0CC9B625}.RPy313|Win32.ActiveCfg = RPy313|Win32
		{734B18AB-6017-43AD-BC8C-78FE0CC9B625}.RPy313|Win32.Build.0 = RPy313|Win32
		{734B18AB-6017-43AD-BC8C-78FE0CC9B625}.RPy313|x64.ActiveCfg = RPy313|x64
		{734B18AB-6017-43AD-BC8C-78FE0CC9B625}.RPy313|x64.Build.0 = RPy313|x64
		{734B18AB-6017-43AD-BC8C-78FE0CC9B625}.RPy313|x86.ActiveCfg = RPy313|Win32
		{734B18AB-6017-43AD-BC8C-78FE0CC9B625}.RPy313|x86.Build.0 = RPy313|Win32
		{734B18AB-6017-43AD-BC8C-78FE0CC9B625}.RPyBind|Win32.ActiveCfg = RPyBind|Win32
		{734B18AB-6017-43AD-BC8C-78FE0CC9B625}.RPyBind|Win32.Build.0 = RPyBind|Win32
		{734B18AB-6017-43AD-BC8C-78FE0CC9B625}.RPyBind|x64.ActiveCfg = RPyBind|x64
		{734B18AB-6017-43AD-BC8C-78FE0CC9B625}.RPyBind|x64.Build.0 = RPyBind|x64
		{734B18AB-6017-43AD-BC8C-78FE0CC9B625}.RPyBind|x86.ActiveCfg = RPyBind|Win32
		{734B18AB-6017-43AD-BC8C-78FE0CC9B625}.RPyBind|x86.Build.0 = RPyBind|Win32
		{963A04DF-CB9B-4C69-BE7E-3B779F7AD45C}.Debug|Win32.ActiveCfg = Debug|Win32
		{963A04DF-CB9B-4C69-BE7E-3B779F7AD45C}.Debug|Win32.Build.0 = Debug|Win32
		{963A04DF-CB9B-4C69-BE7E-3B779F7AD45C}.Debug|x64.ActiveCfg = Debug|x64
		{963A04DF-CB9B-4C69-BE7E-3B779F7AD45C}.Debug|x64.Build.0 = Debug|x64
		{963A04DF-CB9B-4C69-BE7E-3B779F7AD45C}.Debug|x86.ActiveCfg = Debug|Win32
		{963A04DF-CB9B-4C69-BE7E-3B779F7AD45C}.Debug|x86.Build.0 = Debug|Win32
		{963A04DF-CB9B-4C69-BE7E-3B779F7AD45C}.DPy310|Win32.ActiveCfg = Debug|Win32
		{963A04DF-CB9B-4C69-BE7E-3B779F7AD45C}.DPy310|Win32.Build.0 = Debug|Win32
		{963A04DF-CB9B-4C69-BE7E-3B779F7AD45C}.DPy310|x64.ActiveCfg = Debug|x64
		{963A04DF-CB9B-4C69-BE7E-3B779F7AD45C}.DPy310|x64.Build.0 = Debug|x64
		{963A04DF-CB9B-4C69-BE7E-3B779F7AD45C}.DPy310|x86.ActiveCfg = Debug|Win32
		{963A04DF-CB9B-4C69-BE7E-3B779F7AD45C}.DPy310|x86.Build.0 = Debug|Win32
		{963A04DF-CB9B-4C69-BE7E-3B779F7AD45C}.DPy311|Win32.ActiveCfg = Debug|Win32
		{963A04DF-CB9B-4C69-BE7E-3B779F7AD45C}.DPy311|Win32.Build.0 = Debug|Win32
		{963A04DF-CB9B-4C69-BE7E-3B779F7AD45C}.DPy311|x64.ActiveCfg = Debug|x64
		{963A04DF-CB9B-4C69-BE7E-3B779F7AD45C}.DPy311|x64.Build.0 = Debug|x64
		{963A04DF-CB9B-4C69-BE7E-3B779F7AD45C}.DPy311|x86.ActiveCfg = Debug|Win32
		{963A04DF-CB9B-4C69-BE7E-3B779F7AD45C}.DPy311|x86.Build.0 = Debug|Win32
		{963A04DF-CB9B-4C69-BE7E-3B779F7AD45C}.DPy312|Win32.ActiveCfg = Debug|Win32
		{963A04DF-CB9B-4C69-BE7E-3B779F7AD45C}.DPy312|Win32.Build.0 = Debug|Win32
		{963A04DF-CB9B-4C69-BE7E-3B779F7AD45C}.DPy312|x64.ActiveCfg = Debug|x64
		{963A04DF-CB9B-4C69-BE7E-3B779F7AD45C}.DPy312|x64.Build.0 = Debug|x64
		{963A04DF-CB9B-4C69-BE7E-3B779F7AD45C}.DPy312|x86.ActiveCfg = Debug|Win32
		{963A04DF-CB9B-4C69-BE7E-3B779F7AD45C}.DPy312|x86.Build.0 = Debug|Win32
		{963A04DF-CB9B-4C69-BE7E-3B779F7AD45C}.DPy313|Win32.ActiveCfg = Debug|Win32
		{963A04DF-CB9B-4C69-BE7E-3B779F7AD45C}.DPy313|Win32.Build.0 = Debug|Win32
		{963A04DF-CB9B-4C69-BE7E-3B779F7AD45C}.DPy313|x64.ActiveCfg = Debug|x64
		{963A04DF-CB9B-4C69-BE7E-3B779F7AD45C}.DPy313|x64.Build.0 = Debug|x64
		{963A04DF-CB9B-4C69-BE7E-3B779F7AD45C}.DPy313|x86.ActiveCfg = Debug|Win32
		{963A04DF-CB9B-4C69-BE7E-3B779F7AD45C}.DPy313|x86.Build.0 = Debug|Win32
		{963A04DF-CB9B-4C69-BE7E-3B779F7AD45C}.DPyBind|Win32.ActiveCfg = Debug|Win32
		{963A04DF-CB9B-4C69-BE7E-3B779F7AD45C}.DPyBind|Win32.Build.0 = Debug|Win32
		{963A04DF-CB9B-4C69-BE7E-3B779F7AD45C}.DPyBind|x64.ActiveCfg = Debug|x64
		{963A04DF-CB9B-4C69-BE7E-3B779F7AD45C}.DPyBind|x64.Build.0 = Debug|x64
		{963A04DF-CB9B-4C69-BE7E-3B779F7AD45C}.DPyBind|x86.ActiveCfg = Debug|Win32
		{963A04DF-CB9B-4C69-BE7E-3B779F7AD45C}.DPyBind|x86.Build.0 = Debug|Win32
		{963A04DF-CB9B-4C69-BE7E-3B779F7AD45C}.Rebug|Win32.ActiveCfg = Rebug|Win32
		{963A04DF-CB9B-4C69-BE7E-3B779F7AD45C}.Rebug|Win32.Build.0 = Rebug|Win32
		{963A04DF-CB9B-4C69-BE7E-3B779F7AD45C}.Rebug|x64.ActiveCfg = Rebug|x64
		{963A04DF-CB9B-4C69-BE7E-3B779F7AD45C}.Rebug|x64.Build.0 = Rebug|x64
		{963A04DF-CB9B-4C69-BE7E-3B779F7AD45C}.Rebug|x86.ActiveCfg = Rebug|Win32
		{963A04DF-CB9B-4C69-BE7E-3B779F7AD45C}.Rebug|x86.Build.0 = Rebug|Win32
		{963A04DF-CB9B-4C69-BE7E-3B779F7AD45C}.Release|Win32.ActiveCfg = Release|Win32
		{963A04DF-CB9B-4C69-BE7E-3B779F7AD45C}.Release|Win32.Build.0 = Release|Win32
		{963A04DF-CB9B-4C69-BE7E-3B779F7AD45C}.Release|x64.ActiveCfg = Release|x64
		{963A04DF-CB9B-4C69-BE7E-3B779F7AD45C}.Release|x64.Build.0 = Release|x64
		{963A04DF-CB9B-4C69-BE7E-3B779F7AD45C}.Release|x86.ActiveCfg = Release|Win32
		{963A04DF-CB9B-4C69-BE7E-3B779F7AD45C}.Release|x86.Build.0 = Release|Win32
		{963A04DF-CB9B-4C69-BE7E-3B779F7AD45C}.RPy310|Win32.ActiveCfg = Release|Win32
		{963A04DF-CB9B-4C69-BE7E-3B779F7AD45C}.RPy310|Win32.Build.0 = Release|Win32
		{963A04DF-CB9B-4C69-BE7E-3B779F7AD45C}.RPy310|x64.ActiveCfg = Release|x64
		{963A04DF-CB9B-4C69-BE7E-3B779F7AD45C}.RPy310|x64.Build.0 = Release|x64
		{963A04DF-CB9B-4C69-BE7E-3B779F7AD45C}.RPy310|x86.ActiveCfg = Release|Win32
		{963A04DF-CB9B-4C69-BE7E-3B779F7AD45C}.RPy310|x86.Build.0 = Release|Win32
		{963A04DF-CB9B-4C69-BE7E-3B779F7AD45C}.RPy311|Win32.ActiveCfg = Release|Win32
		{963A04DF-CB9B-4C69-BE7E-3B779F7AD45C}.RPy311|Win32.Build.0 = Release|Win32
		{963A04DF-CB9B-4C69-BE7E-3B779F7AD45C}.RPy311|x64.ActiveCfg = Release|x64
		{963A04DF-CB9B-4C69-BE7E-3B779F7AD45C}.RPy311|x64.Build.0 = Release|x64
		{963A04DF-CB9B-4C69-BE7E-3B779F7AD45C}.RPy311|x86.ActiveCfg = Release|Win32
		{963A04DF-CB9B-4C69-BE7E-3B779F7AD45C}.RPy311|x86.Build.0 = Release|Win32
		{963A04DF-CB9B-4C69-BE7E-3B779F7AD45C}.RPy312|Win32.ActiveCfg = Release|Win32
		{963A04DF-CB9B-4C69-BE7E-3B779F7AD45C}.RPy312|Win32.Build.0 = Release|Win32
		{963A04DF-CB9B-4C69-BE7E-3B779F7AD45C}.RPy312|x64.ActiveCfg = Release|x64
		{963A04DF-CB9B-4C69-BE7E-3B779F7AD45C}.RPy312|x64.Build.0 = Release|x64
		{963A04DF-CB9B-4C69-BE7E-3B779F7AD45C}.RPy312|x86.ActiveCfg = Release|Win32
		{963A04DF-CB9B-4C69-BE7E-3B779F7AD45C}.RPy312|x86.Build.0 = Release|Win32
		{963A04DF-CB9B-4C69-BE7E-3B779F7AD45C}.RPy313|Win32.ActiveCfg = Release|Win32
		{963A04DF-CB9B-4C69-BE7E-3B779F7AD45C}.RPy313|Win32.Build.0 = Release|Win32
		{963A04DF-CB9B-4C69-BE7E-3B779F7AD45C}.RPy313|x64.ActiveCfg = Release|x64
		{963A04DF-CB9B-4C69-BE7E-3B779F7AD45C}.RPy313|x64.Build.0 = Release|x64
		{963A04DF-CB9B-4C69-BE7E-3B779F7AD45C}.RPy313|x86.ActiveCfg = Release|Win32
		{963A04DF-CB9B-4C69-BE7E-3B779F7AD45C}.RPyBind|Win32.ActiveCfg = Release|Win32
		{963A04DF-CB9B-4C69-BE7E-3B779F7AD45C}.RPyBind|Win32.Build.0 = Release|Win32
		{963A04DF-CB9B-4C69-BE7E-3B779F7AD45C}.RPyBind|x64.ActiveCfg = Release|x64
		{963A04DF-CB9B-4C69-BE7E-3B779F7AD45C}.RPyBind|x64.Build.0 = Release|x64
		{963A04DF-CB9B-4C69-BE7E-3B779F7AD45C}.RPyBind|x86.ActiveCfg = Release|Win32
		{963A04DF-CB9B-4C69-BE7E-3B779F7AD45C}.RPyBind|x86.Build.0 = Release|Win32
		{C2E17895-E0A5-490C-815A-800FE0801AA6}.Debug|Win32.ActiveCfg = Debug|Any CPU
		{C2E17895-E0A5-490C-815A-800FE0801AA6}.Debug|x64.ActiveCfg = Debug|Any CPU
		{C2E17895-E0A5-490C-815A-800FE0801AA6}.Debug|x86.ActiveCfg = Debug|Any CPU
		{C2E17895-E0A5-490C-815A-800FE0801AA6}.DPy310|Win32.ActiveCfg = Debug|Any CPU
		{C2E17895-E0A5-490C-815A-800FE0801AA6}.DPy310|x64.ActiveCfg = Debug|Any CPU
		{C2E17895-E0A5-490C-815A-800FE0801AA6}.DPy310|x86.ActiveCfg = Debug|Any CPU
		{C2E17895-E0A5-490C-815A-800FE0801AA6}.DPy311|Win32.ActiveCfg = Debug|Any CPU
		{C2E17895-E0A5-490C-815A-800FE0801AA6}.DPy311|x64.ActiveCfg = Debug|Any CPU
		{C2E17895-E0A5-490C-815A-800FE0801AA6}.DPy311|x86.ActiveCfg = Debug|Any CPU
		{C2E17895-E0A5-490C-815A-800FE0801AA6}.DPy312|Win32.ActiveCfg = Debug|Any CPU
		{C2E17895-E0A5-490C-815A-800FE0801AA6}.DPy312|x64.ActiveCfg = Debug|Any CPU
		{C2E17895-E0A5-490C-815A-800FE0801AA6}.DPy312|x86.ActiveCfg = Debug|Any CPU
		{C2E17895-E0A5-490C-815A-800FE0801AA6}.DPy313|Win32.ActiveCfg = Debug|Any CPU
		{C2E17895-E0A5-490C-815A-800FE0801AA6}.DPy313|x64.ActiveCfg = Debug|Any CPU
		{C2E17895-E0A5-490C-815A-800FE0801AA6}.DPy313|x86.ActiveCfg = Debug|Any CPU
		{C2E17895-E0A5-490C-815A-800FE0801AA6}.DPyBind|Win32.ActiveCfg = Debug|Any CPU
		{C2E17895-E0A5-490C-815A-800FE0801AA6}.DPyBind|x64.ActiveCfg = Debug|Any CPU
		{C2E17895-E0A5-490C-815A-800FE0801AA6}.DPyBind|x86.ActiveCfg = Debug|Any CPU
		{C2E17895-E0A5-490C-815A-800FE0801AA6}.Rebug|Win32.ActiveCfg = Debug|Any CPU
		{C2E17895-E0A5-490C-815A-800FE0801AA6}.Rebug|x64.ActiveCfg = Debug|Any CPU
		{C2E17895-E0A5-490C-815A-800FE0801AA6}.Rebug|x86.ActiveCfg = Debug|Any CPU
		{C2E17895-E0A5-490C-815A-800FE0801AA6}.Release|Win32.ActiveCfg = Release|Any CPU
		{C2E17895-E0A5-490C-815A-800FE0801AA6}.Release|x64.ActiveCfg = Release|Any CPU
		{C2E17895-E0A5-490C-815A-800FE0801AA6}.Release|x86.ActiveCfg = Release|Any CPU
		{C2E17895-E0A5-490C-815A-800FE0801AA6}.RPy310|Win32.ActiveCfg = Release|Any CPU
		{C2E17895-E0A5-490C-815A-800FE0801AA6}.RPy310|x64.ActiveCfg = Release|Any CPU
		{C2E17895-E0A5-490C-815A-800FE0801AA6}.RPy310|x86.ActiveCfg = Release|Any CPU
		{C2E17895-E0A5-490C-815A-800FE0801AA6}.RPy311|Win32.ActiveCfg = Release|Any CPU
		{C2E17895-E0A5-490C-815A-800FE0801AA6}.RPy311|x64.ActiveCfg = Release|Any CPU
		{C2E17895-E0A5-490C-815A-800FE0801AA6}.RPy311|x86.ActiveCfg = Release|Any CPU
		{C2E17895-E0A5-490C-815A-800FE0801AA6}.RPy312|Win32.ActiveCfg = Release|Any CPU
		{C2E17895-E0A5-490C-815A-800FE0801AA6}.RPy312|x64.ActiveCfg = Release|Any CPU
		{C2E17895-E0A5-490C-815A-800FE0801AA6}.RPy312|x86.ActiveCfg = Release|Any CPU
		{C2E17895-E0A5-490C-815A-800FE0801AA6}.RPy313|Win32.ActiveCfg = Release|Any CPU
		{C2E17895-E0A5-490C-815A-800FE0801AA6}.RPy313|x64.ActiveCfg = Release|Any CPU
		{C2E17895-E0A5-490C-815A-800FE0801AA6}.RPy313|x86.ActiveCfg = Release|Any CPU
		{C2E17895-E0A5-490C-815A-800FE0801AA6}.RPyBind|Win32.ActiveCfg = Release|Any CPU
		{C2E17895-E0A5-490C-815A-800FE0801AA6}.RPyBind|x64.ActiveCfg = Release|Any CPU
		{C2E17895-E0A5-490C-815A-800FE0801AA6}.RPyBind|x86.ActiveCfg = Release|Any CPU
	EndGlobalSection
	GlobalSection(SolutionProperties) = preSolution
		HideSolutionNode = FALSE
	EndGlobalSection
	GlobalSection(ExtensibilityGlobals) = postSolution
		SolutionGuid = {28F3ABC9-009A-4450-86FC-4366C7AE727E}
	EndGlobalSection
EndGlobal
