
Microsoft Visual Studio Solution File, Format Version 12.00
# Visual Studio Version 17
VisualStudioVersion = 17.5.33424.131
MinimumVisualStudioVersion = 10.0.40219.1
Project("{8BC9CEB8-8B4A-11D0-8D11-00A0C91BC942}") = "D14UIKit", "D14UIKit.vcxproj", "{734B18AB-6017-43AD-BC8C-78FE0CC9B625}"
EndProject
Project("{8BC9CEB8-8B4A-11D0-8D11-00A0C91BC942}") = "TestCpp", "Test\TestCpp.vcxproj", "{963A04DF-CB9B-4C69-BE7E-3B779F7AD45C}"
EndProject
Project("{888888A0-9F3D-457C-B088-3A5042F75D52}") = "TestPyBind", "Test\PyBind\TestPyBind.pyproj", "{C2E17895-E0A5-490C-815A-800FE0801AA6}"
EndProject
Global
	GlobalSection(SolutionConfigurationPlatforms) = preSolution
		Debug|Any CPU = Debug|Any CPU
		Debug|x64 = Debug|x64
		DPyBind|Any CPU = DPyBind|Any CPU
		DPyBind|x64 = DPyBind|x64
		Rebug|Any CPU = Rebug|Any CPU
		Rebug|x64 = Rebug|x64
		Release|Any CPU = Release|Any CPU
		Release|x64 = Release|x64
		RPyBind|Any CPU = RPyBind|Any CPU
		RPyBind|x64 = RPyBind|x64
	EndGlobalSection
	GlobalSection(ProjectConfigurationPlatforms) = postSolution
		{734B18AB-6017-43AD-BC8C-78FE0CC9B625}.Debug|Any CPU.ActiveCfg = Debug|x64
		{734B18AB-6017-43AD-BC8C-78FE0CC9B625}.Debug|Any CPU.Build.0 = Debug|x64
		{734B18AB-6017-43AD-BC8C-78FE0CC9B625}.Debug|x64.ActiveCfg = Debug|x64
		{734B18AB-6017-43AD-BC8C-78FE0CC9B625}.Debug|x64.Build.0 = Debug|x64
		{734B18AB-6017-43AD-BC8C-78FE0CC9B625}.DPyBind|Any CPU.ActiveCfg = DPyBind|x64
		{734B18AB-6017-43AD-BC8C-78FE0CC9B625}.DPyBind|Any CPU.Build.0 = DPyBind|x64
		{734B18AB-6017-43AD-BC8C-78FE0CC9B625}.DPyBind|x64.ActiveCfg = DPyBind|x64
		{734B18AB-6017-43AD-BC8C-78FE0CC9B625}.DPyBind|x64.Build.0 = DPyBind|x64
		{734B18AB-6017-43AD-BC8C-78FE0CC9B625}.Rebug|Any CPU.ActiveCfg = Rebug|x64
		{734B18AB-6017-43AD-BC8C-78FE0CC9B625}.Rebug|Any CPU.Build.0 = Rebug|x64
		{734B18AB-6017-43AD-BC8C-78FE0CC9B625}.Rebug|x64.ActiveCfg = Rebug|x64
		{734B18AB-6017-43AD-BC8C-78FE0CC9B625}.Rebug|x64.Build.0 = Rebug|x64
		{734B18AB-6017-43AD-BC8C-78FE0CC9B625}.Release|Any CPU.ActiveCfg = Release|x64
		{734B18AB-6017-43AD-BC8C-78FE0CC9B625}.Release|Any CPU.Build.0 = Release|x64
		{734B18AB-6017-43AD-BC8C-78FE0CC9B625}.Release|x64.ActiveCfg = Release|x64
		{734B18AB-6017-43AD-BC8C-78FE0CC9B625}.Release|x64.Build.0 = Release|x64
		{734B18AB-6017-43AD-BC8C-78FE0CC9B625}.RPyBind|Any CPU.ActiveCfg = RPyBind|x64
		{734B18AB-6017-43AD-BC8C-78FE0CC9B625}.RPyBind|Any CPU.Build.0 = RPyBind|x64
		{734B18AB-6017-43AD-BC8C-78FE0CC9B625}.RPyBind|x64.ActiveCfg = RPyBind|x64
		{734B18AB-6017-43AD-BC8C-78FE0CC9B625}.RPyBind|x64.Build.0 = RPyBind|x64
		{963A04DF-CB9B-4C69-BE7E-3B779F7AD45C}.Debug|Any CPU.ActiveCfg = Debug|x64
		{963A04DF-CB9B-4C69-BE7E-3B779F7AD45C}.Debug|Any CPU.Build.0 = Debug|x64
		{963A04DF-CB9B-4C69-BE7E-3B779F7AD45C}.Debug|x64.ActiveCfg = Debug|x64
		{963A04DF-CB9B-4C69-BE7E-3B779F7AD45C}.Debug|x64.Build.0 = Debug|x64
		{963A04DF-CB9B-4C69-BE7E-3B779F7AD45C}.DPyBind|Any CPU.ActiveCfg = DPyBind|x64
		{963A04DF-CB9B-4C69-BE7E-3B779F7AD45C}.DPyBind|Any CPU.Build.0 = DPyBind|x64
		{963A04DF-CB9B-4C69-BE7E-3B779F7AD45C}.DPyBind|x64.ActiveCfg = Debug|x64
		{963A04DF-CB9B-4C69-BE7E-3B779F7AD45C}.DPyBind|x64.Build.0 = Debug|x64
		{963A04DF-CB9B-4C69-BE7E-3B779F7AD45C}.Rebug|Any CPU.ActiveCfg = Release|x64
		{963A04DF-CB9B-4C69-BE7E-3B779F7AD45C}.Rebug|Any CPU.Build.0 = Release|x64
		{963A04DF-CB9B-4C69-BE7E-3B779F7AD45C}.Rebug|x64.ActiveCfg = Debug|x64
		{963A04DF-CB9B-4C69-BE7E-3B779F7AD45C}.Rebug|x64.Build.0 = Debug|x64
		{963A04DF-CB9B-4C69-BE7E-3B779F7AD45C}.Release|Any CPU.ActiveCfg = Release|x64
		{963A04DF-CB9B-4C69-BE7E-3B779F7AD45C}.Release|Any CPU.Build.0 = Release|x64
		{963A04DF-CB9B-4C69-BE7E-3B779F7AD45C}.Release|x64.ActiveCfg = Release|x64
		{963A04DF-CB9B-4C69-BE7E-3B779F7AD45C}.Release|x64.Build.0 = Release|x64
		{963A04DF-CB9B-4C69-BE7E-3B779F7AD45C}.RPyBind|Any CPU.ActiveCfg = Release|x64
		{963A04DF-CB9B-4C69-BE7E-3B779F7AD45C}.RPyBind|Any CPU.Build.0 = Release|x64
		{963A04DF-CB9B-4C69-BE7E-3B779F7AD45C}.RPyBind|x64.ActiveCfg = Release|x64
		{963A04DF-CB9B-4C69-BE7E-3B779F7AD45C}.RPyBind|x64.Build.0 = Release|x64
		{C2E17895-E0A5-490C-815A-800FE0801AA6}.Debug|Any CPU.ActiveCfg = Debug|Any CPU
		{C2E17895-E0A5-490C-815A-800FE0801AA6}.Debug|x64.ActiveCfg = Debug|Any CPU
		{C2E17895-E0A5-490C-815A-800FE0801AA6}.DPyBind|Any CPU.ActiveCfg = Debug|Any CPU
		{C2E17895-E0A5-490C-815A-800FE0801AA6}.DPyBind|x64.ActiveCfg = Debug|Any CPU
		{C2E17895-E0A5-490C-815A-800FE0801AA6}.Rebug|Any CPU.ActiveCfg = Release|Any CPU
		{C2E17895-E0A5-490C-815A-800FE0801AA6}.Rebug|x64.ActiveCfg = Debug|Any CPU
		{C2E17895-E0A5-490C-815A-800FE0801AA6}.Release|Any CPU.ActiveCfg = Release|Any CPU
		{C2E17895-E0A5-490C-815A-800FE0801AA6}.Release|x64.ActiveCfg = Release|Any CPU
		{C2E17895-E0A5-490C-815A-800FE0801AA6}.RPyBind|Any CPU.ActiveCfg = Release|Any CPU
		{C2E17895-E0A5-490C-815A-800FE0801AA6}.RPyBind|x64.ActiveCfg = Release|Any CPU
	EndGlobalSection
	GlobalSection(SolutionProperties) = preSolution
		HideSolutionNode = FALSE
	EndGlobalSection
	GlobalSection(ExtensibilityGlobals) = postSolution
		SolutionGuid = {28F3ABC9-009A-4450-86FC-4366C7AE727E}
	EndGlobalSection
EndGlobal
